
Microsoft Visual Studio Solution File, Format Version 12.00
# Visual Studio Version 17
VisualStudioVersion = 17.4.33122.133
MinimumVisualStudioVersion = 10.0.40219.1
Project("{FAE04EC0-301F-11D3-BF4B-00C04F79EFBC}") = "Calculator", "Calculator\Calculator.csproj", "{ABF47104-1852-4A8B-A4AF-93D8787E2B94}"
EndProject
Global
	GlobalSection(SolutionConfigurationPlatforms) = preSolution
		Debug|Any CPU = Debug|Any CPU
		Release|Any CPU = Release|Any CPU
	EndGlobalSection
	GlobalSection(ProjectConfigurationPlatforms) = postSolution
		{ABF47104-1852-4A8B-A4AF-93D8787E2B94}.Debug|Any CPU.ActiveCfg = Debug|Any CPU
		{ABF47104-1852-4A8B-A4AF-93D8787E2B94}.Debug|Any CPU.Build.0 = Debug|Any CPU
		{ABF47104-1852-4A8B-A4AF-93D8787E2B94}.Release|Any CPU.ActiveCfg = Release|Any CPU
		{ABF47104-1852-4A8B-A4AF-93D8787E2B94}.Release|Any CPU.Build.0 = Release|Any CPU
	EndGlobalSection
	GlobalSection(SolutionProperties) = preSolution
		HideSolutionNode = FALSE
	EndGlobalSection
	GlobalSection(ExtensibilityGlobals) = postSolution
		SolutionGuid = {BB11E107-470F-482A-B27E-12CCC4FFFDAE}
	EndGlobalSection
EndGlobal
